<?xml version="1.0" encoding="utf-8"?>
<Project ToolsVersion="4.0" xmlns="http://schemas.microsoft.com/developer/msbuild/2003">
  <ItemGroup>
    <Filter Include="源文件">
      <UniqueIdentifier>{4FC737F1-C7A5-4376-A066-2A32D752A2FF}</UniqueIdentifier>
      <Extensions>cpp;c;cc;cxx;def;odl;idl;hpj;bat;asm;asmx</Extensions>
    </Filter>
    <Filter Include="头文件">
      <UniqueIdentifier>{93995380-89BD-4b04-88EB-625FBE52EBFB}</UniqueIdentifier>
      <Extensions>h;hh;hpp;hxx;hm;inl;inc;ipp;xsd</Extensions>
    </Filter>
    <Filter Include="资源文件">
      <UniqueIdentifier>{67DA6AB6-F800-4c08-8B7A-83BB121AAD01}</UniqueIdentifier>
      <Extensions>rc;ico;cur;bmp;dlg;rc2;rct;bin;rgs;gif;jpg;jpeg;jpe;resx;tiff;tif;png;wav;mfcribbon-ms</Extensions>
    </Filter>
    <Filter Include="Base">
      <UniqueIdentifier>{5d16509a-4de5-4a21-a4c5-088ab53fa824}</UniqueIdentifier>
    </Filter>
    <Filter Include="DataCenter">
      <UniqueIdentifier>{b0057619-30cd-4d00-b128-3cba3b24d515}</UniqueIdentifier>
    </Filter>
    <Filter Include="Memory">
      <UniqueIdentifier>{022bbfd0-1c13-4626-b028-e7875fb312ac}</UniqueIdentifier>
    </Filter>
    <Filter Include="Commond">
      <UniqueIdentifier>{2c130785-69f4-4601-b350-9696aa3d7f6d}</UniqueIdentifier>
    </Filter>
    <Filter Include="Task">
      <UniqueIdentifier>{d60a5626-d12a-4609-a5c0-6bca603126e3}</UniqueIdentifier>
    </Filter>
  </ItemGroup>
  <ItemGroup>
    <ClInclude Include="stdafx.h">
      <Filter>头文件</Filter>
    </ClInclude>
    <ClInclude Include="targetver.h">
      <Filter>头文件</Filter>
    </ClInclude>
    <ClInclude Include="Base\xfSingleton.h">
      <Filter>Base</Filter>
    </ClInclude>
    <ClInclude Include="xfTypeDef.h">
      <Filter>Base</Filter>
    </ClInclude>
    <ClInclude Include="DataCenter\xfObject.h">
      <Filter>DataCenter</Filter>
    </ClInclude>
    <ClInclude Include="Base\xfRuntimeClass.h">
      <Filter>Base</Filter>
    </ClInclude>
    <ClInclude Include="Base\xfRuntimeClassTable.h">
      <Filter>Base</Filter>
    </ClInclude>
    <ClInclude Include="DataCenter\xfNode.h">
      <Filter>DataCenter</Filter>
    </ClInclude>
    <ClInclude Include="Task\xfTaskPool.h">
      <Filter>Task</Filter>
    </ClInclude>
    <ClInclude Include="Memory\xfMemoryBlock.h">
      <Filter>Memory</Filter>
    </ClInclude>
    <ClInclude Include="Commond\xfTriggerManager.h">
      <Filter>Commond</Filter>
    </ClInclude>
    <ClInclude Include="Commond\xfCommond.h">
      <Filter>Commond</Filter>
    </ClInclude>
    <ClInclude Include="Task\xfTask.h">
      <Filter>Task</Filter>
    </ClInclude>
    <ClInclude Include="Task\xfTaskInterface.h">
      <Filter>Task</Filter>
    </ClInclude>
    <ClInclude Include="XFrameMacro.h">
      <Filter>头文件</Filter>
    </ClInclude>
    <ClInclude Include="XFrameLib.h">
      <Filter>头文件</Filter>
    </ClInclude>
  </ItemGroup>
  <ItemGroup>
    <ClCompile Include="stdafx.cpp">
      <Filter>源文件</Filter>
    </ClCompile>
    <ClCompile Include="frameDLL.cpp">
      <Filter>源文件</Filter>
    </ClCompile>
    <ClCompile Include="dllmain.cpp">
      <Filter>源文件</Filter>
    </ClCompile>
    <ClCompile Include="DataCenter\xfObject.cpp">
      <Filter>DataCenter</Filter>
    </ClCompile>
    <ClCompile Include="Base\xfRuntimeClass.cpp">
      <Filter>Base</Filter>
    </ClCompile>
    <ClCompile Include="Base\xfRuntimeClassTable.cpp">
      <Filter>Base</Filter>
    </ClCompile>
    <ClCompile Include="DataCenter\xfNode.cpp">
      <Filter>DataCenter</Filter>
    </ClCompile>
    <ClCompile Include="Task\xfTaskPool.cpp">
      <Filter>Task</Filter>
    </ClCompile>
    <ClCompile Include="Memory\xfMemoryBlock.cpp">
      <Filter>Memory</Filter>
    </ClCompile>
    <ClCompile Include="Commond\xfTriggerManager.cpp">
      <Filter>Commond</Filter>
    </ClCompile>
    <ClCompile Include="Commond\xfCommond.cpp">
      <Filter>Commond</Filter>
    </ClCompile>
  </ItemGroup>
</Project>